
Microsoft Visual Studio Solution File, Format Version 12.00
# Visual Studio Version 17
VisualStudioVersion = 17.4.33110.190
MinimumVisualStudioVersion = 10.0.40219.1
Project("{9A19103F-16F7-4668-BE54-9A1E7A4F7556}") = "FileMappedCollectionViewer", "FileMappedCollectionTester\FileMappedCollectionViewer.csproj", "{C0B73994-AA04-4EA6-812B-E611EB75EF77}"
EndProject
Project("{9A19103F-16F7-4668-BE54-9A1E7A4F7556}") = "FMC", "FMC\FMC.csproj", "{6C145D7E-145E-4C42-8EAB-7081EE8F5FA3}"
EndProject
Project("{FAE04EC0-301F-11D3-BF4B-00C04F79EFBC}") = "FMCClient", "FMCClient\FMCClient.csproj", "{AB15C0FB-24A0-4831-B9E5-AB84B43C6ECD}"
EndProject
Global
	GlobalSection(SolutionConfigurationPlatforms) = preSolution
		Debug|Any CPU = Debug|Any CPU
		Release|Any CPU = Release|Any CPU
	EndGlobalSection
	GlobalSection(ProjectConfigurationPlatforms) = postSolution
		{C0B73994-AA04-4EA6-812B-E611EB75EF77}.Debug|Any CPU.ActiveCfg = Debug|Any CPU
		{C0B73994-AA04-4EA6-812B-E611EB75EF77}.Debug|Any CPU.Build.0 = Debug|Any CPU
		{C0B73994-AA04-4EA6-812B-E611EB75EF77}.Release|Any CPU.ActiveCfg = Release|Any CPU
		{C0B73994-AA04-4EA6-812B-E611EB75EF77}.Release|Any CPU.Build.0 = Release|Any CPU
		{6C145D7E-145E-4C42-8EAB-7081EE8F5FA3}.Debug|Any CPU.ActiveCfg = Debug|Any CPU
		{6C145D7E-145E-4C42-8EAB-7081EE8F5FA3}.Debug|Any CPU.Build.0 = Debug|Any CPU
		{6C145D7E-145E-4C42-8EAB-7081EE8F5FA3}.Release|Any CPU.ActiveCfg = Release|Any CPU
		{6C145D7E-145E-4C42-8EAB-7081EE8F5FA3}.Release|Any CPU.Build.0 = Release|Any CPU
		{AB15C0FB-24A0-4831-B9E5-AB84B43C6ECD}.Debug|Any CPU.ActiveCfg = Debug|Any CPU
		{AB15C0FB-24A0-4831-B9E5-AB84B43C6ECD}.Debug|Any CPU.Build.0 = Debug|Any CPU
		{AB15C0FB-24A0-4831-B9E5-AB84B43C6ECD}.Release|Any CPU.ActiveCfg = Release|Any CPU
		{AB15C0FB-24A0-4831-B9E5-AB84B43C6ECD}.Release|Any CPU.Build.0 = Release|Any CPU
	EndGlobalSection
	GlobalSection(SolutionProperties) = preSolution
		HideSolutionNode = FALSE
	EndGlobalSection
	GlobalSection(ExtensibilityGlobals) = postSolution
		SolutionGuid = {FA5FA096-FA3B-4B9E-B61B-AE462ADE3EC7}
	EndGlobalSection
EndGlobal
